
Microsoft Visual Studio Solution File, Format Version 12.00
# Visual Studio Version 17
VisualStudioVersion = 17.0.32112.339
MinimumVisualStudioVersion = 10.0.40219.1
Project("{8BC9CEB8-8B4A-11D0-8D11-00A0C91BC942}") = "BOJ_24075", "BOJ_24075.vcxproj", "{12C65F77-B90F-4E46-B3C5-AA7EC762A7A3}"
EndProject
Global
	GlobalSection(SolutionConfigurationPlatforms) = preSolution
		Debug|x64 = Debug|x64
		Release|x64 = Release|x64
	EndGlobalSection
	GlobalSection(ProjectConfigurationPlatforms) = postSolution
		{12C65F77-B90F-4E46-B3C5-AA7EC762A7A3}.Debug|x64.ActiveCfg = Debug|x64
		{12C65F77-B90F-4E46-B3C5-AA7EC762A7A3}.Debug|x64.Build.0 = Debug|x64
		{12C65F77-B90F-4E46-B3C5-AA7EC762A7A3}.Release|x64.ActiveCfg = Release|x64
		{12C65F77-B90F-4E46-B3C5-AA7EC762A7A3}.Release|x64.Build.0 = Release|x64
	EndGlobalSection
	GlobalSection(SolutionProperties) = preSolution
		HideSolutionNode = FALSE
	EndGlobalSection
	GlobalSection(ExtensibilityGlobals) = postSolution
		SolutionGuid = {013114ED-D763-4309-8414-834D0F262F5E}
	EndGlobalSection
EndGlobal
